
Microsoft Visual Studio Solution File, Format Version 12.00
# Visual Studio 2012
Project("{2150E333-8FDC-42A3-9474-1A3956D46DE8}") = "website", "website", "{9557DF97-0A41-4F36-8934-AB9114341DE4}"
EndProject
Project("{FAE04EC0-301F-11D3-BF4B-00C04F79EFBC}") = "NGnono.FMNote.WebSite4App", "NGnono.FMNote.WebSite4App\NGnono.FMNote.WebSite4App.csproj", "{4CB4C6F2-95EE-4C04-8BD7-0CF5BD632763}"
EndProject
Project("{FAE04EC0-301F-11D3-BF4B-00C04F79EFBC}") = "NGnono.FMNote.WebSite4App.Tests", "NGnono.FMNote.WebSite4App.Tests\NGnono.FMNote.WebSite4App.Tests.csproj", "{07153B3E-2D75-4983-B770-8F403D548A39}"
EndProject
Project("{2150E333-8FDC-42A3-9474-1A3956D46DE8}") = "src", "src", "{6DAF02C7-3C6A-4E1C-900E-5FEE101C2638}"
EndProject
Project("{2150E333-8FDC-42A3-9474-1A3956D46DE8}") = "test", "test", "{E808E265-98E8-4933-8592-9640177BAC4F}"
EndProject
Project("{2150E333-8FDC-42A3-9474-1A3956D46DE8}") = "dll", "dll", "{FDDC3473-9FEE-401E-A720-8A598E676786}"
EndProject
Project("{2150E333-8FDC-42A3-9474-1A3956D46DE8}") = "extras", "extras", "{A20B666A-A1AF-4051-BDD7-A12B042E649D}"
EndProject
Project("{FAE04EC0-301F-11D3-BF4B-00C04F79EFBC}") = "NGnono.Framework", "..\NGnono.Framework\NGnono.Framework\NGnono.Framework\NGnono.Framework.csproj", "{AC5AC3E2-09F3-4682-AB40-7A70BC4430C1}"
EndProject
Project("{FAE04EC0-301F-11D3-BF4B-00C04F79EFBC}") = "NGnono.FMNote.WebSite4App.Core", "NGnono.FMNote.WebSite4App.Core\NGnono.FMNote.WebSite4App.Core.csproj", "{A00E7B4E-084E-4537-9A6A-1265734B1580}"
EndProject
Project("{2150E333-8FDC-42A3-9474-1A3956D46DE8}") = ".nuget", ".nuget", "{45E754DC-FA80-499F-88BB-4B7EFDA90BB4}"
	ProjectSection(SolutionItems) = preProject
		.nuget\NuGet.Config = .nuget\NuGet.Config
		.nuget\NuGet.exe = .nuget\NuGet.exe
		.nuget\NuGet.targets = .nuget\NuGet.targets
	EndProjectSection
EndProject
Project("{FAE04EC0-301F-11D3-BF4B-00C04F79EFBC}") = "NGnono.FMNote.WebSupport", "NGnono.FMNote.WebSupport\NGnono.FMNote.WebSupport.csproj", "{6F4FAA51-8E4C-445A-BC1F-8E0BA9CA0726}"
EndProject
Project("{2150E333-8FDC-42A3-9474-1A3956D46DE8}") = "main", "main", "{1C364BBD-3A99-4DD9-B4EC-DB009E92CC63}"
EndProject
Project("{2150E333-8FDC-42A3-9474-1A3956D46DE8}") = "datas", "datas", "{1BBDA8A1-D2A4-4AEB-975A-F916861AC403}"
EndProject
Project("{FAE04EC0-301F-11D3-BF4B-00C04F79EFBC}") = "NGnono.FMNote.Datas", "NGnono.FMNote.Datas\NGnono.FMNote.Datas.csproj", "{29DE785B-72E3-41AE-B71B-8E73E19FE2AA}"
EndProject
Project("{2150E333-8FDC-42A3-9474-1A3956D46DE8}") = "domain", "domain", "{C63509B1-F0F1-4ED8-B520-527948688AB1}"
EndProject
Project("{FAE04EC0-301F-11D3-BF4B-00C04F79EFBC}") = "NGnono.FMNote.Repository", "NGnono.FMNote.Repository\NGnono.FMNote.Repository.csproj", "{03A71E0D-50C4-4212-BD7B-76F22185164D}"
EndProject
Project("{FAE04EC0-301F-11D3-BF4B-00C04F79EFBC}") = "NGnono.FMNote.Services", "NGnono.FMNote.Services\NGnono.FMNote.Services.csproj", "{D83B7D2D-6149-4337-9E07-D978FDF2B3E3}"
EndProject
Project("{FAE04EC0-301F-11D3-BF4B-00C04F79EFBC}") = "NGnono.FMNote.Models", "NGnono.FMNote.Models\NGnono.FMNote.Models.csproj", "{B6D468F6-F235-4825-9209-9FDA0EF2ABCA}"
EndProject
Project("{FAE04EC0-301F-11D3-BF4B-00C04F79EFBC}") = "NGnono.FMNote.Contracts", "NGnono.FMNote.Contracts\NGnono.FMNote.Contracts.csproj", "{CF0FBB67-B752-42A1-9690-21A3E51DE74F}"
EndProject
Project("{FAE04EC0-301F-11D3-BF4B-00C04F79EFBC}") = "NGnono.FMNote.Gateway", "NGnono.FMNote.Gateway\NGnono.FMNote.Gateway.csproj", "{1A9E1438-9B3E-43C1-B21E-442CE139744C}"
EndProject
Project("{FAE04EC0-301F-11D3-BF4B-00C04F79EFBC}") = "NGnono.Domain.Models", "..\NGnono.Domain\NGnono.Domain.Models\NGnono.Domain.Models.csproj", "{285D9D28-13DC-4696-AED9-0ABD3526C9C3}"
EndProject
Project("{FAE04EC0-301F-11D3-BF4B-00C04F79EFBC}") = "NGnono.Domain.Contracts", "..\NGnono.Domain\NGnono.Domain.Contracts\NGnono.Domain.Contracts.csproj", "{FBB968F0-B3E7-4034-AFD8-0CD477CF86B0}"
EndProject
Project("{FAE04EC0-301F-11D3-BF4B-00C04F79EFBC}") = "NGnono.Domain.Services", "..\NGnono.Domain\NGnono.Domain.Services\NGnono.Domain.Services.csproj", "{D423ADBD-239A-4D9C-AAEE-49D890BFEA8B}"
EndProject
Project("{FAE04EC0-301F-11D3-BF4B-00C04F79EFBC}") = "NGnono.Domain.Gateways", "..\NGnono.Domain\NGnono.Domain.Gateways\NGnono.Domain.Gateways.csproj", "{165EE4EA-5934-4A77-8253-D005330304D0}"
EndProject
Project("{FAE04EC0-301F-11D3-BF4B-00C04F79EFBC}") = "NGnono.Domain.Repositories", "..\NGnono.Domain\NGnono.Domain.Repositories\NGnono.Domain.Repositories.csproj", "{5E2830FD-9538-4D42-B8BF-2EFF77C750F1}"
EndProject
Project("{2150E333-8FDC-42A3-9474-1A3956D46DE8}") = "projects", "projects", "{8EFCCD5E-9CA9-4035-9A42-B511CE3AC3E4}"
EndProject
Project("{2150E333-8FDC-42A3-9474-1A3956D46DE8}") = "domains", "domains", "{BD791521-7B7F-418D-87E8-8174CEF49C90}"
EndProject
Global
	GlobalSection(SolutionConfigurationPlatforms) = preSolution
		Debug|Any CPU = Debug|Any CPU
		Release|Any CPU = Release|Any CPU
	EndGlobalSection
	GlobalSection(ProjectConfigurationPlatforms) = postSolution
		{4CB4C6F2-95EE-4C04-8BD7-0CF5BD632763}.Debug|Any CPU.ActiveCfg = Debug|Any CPU
		{4CB4C6F2-95EE-4C04-8BD7-0CF5BD632763}.Debug|Any CPU.Build.0 = Debug|Any CPU
		{4CB4C6F2-95EE-4C04-8BD7-0CF5BD632763}.Release|Any CPU.ActiveCfg = Release|Any CPU
		{4CB4C6F2-95EE-4C04-8BD7-0CF5BD632763}.Release|Any CPU.Build.0 = Release|Any CPU
		{07153B3E-2D75-4983-B770-8F403D548A39}.Debug|Any CPU.ActiveCfg = Debug|Any CPU
		{07153B3E-2D75-4983-B770-8F403D548A39}.Debug|Any CPU.Build.0 = Debug|Any CPU
		{07153B3E-2D75-4983-B770-8F403D548A39}.Release|Any CPU.ActiveCfg = Release|Any CPU
		{07153B3E-2D75-4983-B770-8F403D548A39}.Release|Any CPU.Build.0 = Release|Any CPU
		{AC5AC3E2-09F3-4682-AB40-7A70BC4430C1}.Debug|Any CPU.ActiveCfg = Debug|Any CPU
		{AC5AC3E2-09F3-4682-AB40-7A70BC4430C1}.Debug|Any CPU.Build.0 = Debug|Any CPU
		{AC5AC3E2-09F3-4682-AB40-7A70BC4430C1}.Release|Any CPU.ActiveCfg = Release|Any CPU
		{AC5AC3E2-09F3-4682-AB40-7A70BC4430C1}.Release|Any CPU.Build.0 = Release|Any CPU
		{A00E7B4E-084E-4537-9A6A-1265734B1580}.Debug|Any CPU.ActiveCfg = Debug|Any CPU
		{A00E7B4E-084E-4537-9A6A-1265734B1580}.Debug|Any CPU.Build.0 = Debug|Any CPU
		{A00E7B4E-084E-4537-9A6A-1265734B1580}.Release|Any CPU.ActiveCfg = Release|Any CPU
		{A00E7B4E-084E-4537-9A6A-1265734B1580}.Release|Any CPU.Build.0 = Release|Any CPU
		{6F4FAA51-8E4C-445A-BC1F-8E0BA9CA0726}.Debug|Any CPU.ActiveCfg = Debug|Any CPU
		{6F4FAA51-8E4C-445A-BC1F-8E0BA9CA0726}.Debug|Any CPU.Build.0 = Debug|Any CPU
		{6F4FAA51-8E4C-445A-BC1F-8E0BA9CA0726}.Release|Any CPU.ActiveCfg = Release|Any CPU
		{6F4FAA51-8E4C-445A-BC1F-8E0BA9CA0726}.Release|Any CPU.Build.0 = Release|Any CPU
		{29DE785B-72E3-41AE-B71B-8E73E19FE2AA}.Debug|Any CPU.ActiveCfg = Debug|Any CPU
		{29DE785B-72E3-41AE-B71B-8E73E19FE2AA}.Debug|Any CPU.Build.0 = Debug|Any CPU
		{29DE785B-72E3-41AE-B71B-8E73E19FE2AA}.Release|Any CPU.ActiveCfg = Release|Any CPU
		{29DE785B-72E3-41AE-B71B-8E73E19FE2AA}.Release|Any CPU.Build.0 = Release|Any CPU
		{03A71E0D-50C4-4212-BD7B-76F22185164D}.Debug|Any CPU.ActiveCfg = Debug|Any CPU
		{03A71E0D-50C4-4212-BD7B-76F22185164D}.Debug|Any CPU.Build.0 = Debug|Any CPU
		{03A71E0D-50C4-4212-BD7B-76F22185164D}.Release|Any CPU.ActiveCfg = Release|Any CPU
		{03A71E0D-50C4-4212-BD7B-76F22185164D}.Release|Any CPU.Build.0 = Release|Any CPU
		{D83B7D2D-6149-4337-9E07-D978FDF2B3E3}.Debug|Any CPU.ActiveCfg = Debug|Any CPU
		{D83B7D2D-6149-4337-9E07-D978FDF2B3E3}.Debug|Any CPU.Build.0 = Debug|Any CPU
		{D83B7D2D-6149-4337-9E07-D978FDF2B3E3}.Release|Any CPU.ActiveCfg = Release|Any CPU
		{D83B7D2D-6149-4337-9E07-D978FDF2B3E3}.Release|Any CPU.Build.0 = Release|Any CPU
		{B6D468F6-F235-4825-9209-9FDA0EF2ABCA}.Debug|Any CPU.ActiveCfg = Debug|Any CPU
		{B6D468F6-F235-4825-9209-9FDA0EF2ABCA}.Debug|Any CPU.Build.0 = Debug|Any CPU
		{B6D468F6-F235-4825-9209-9FDA0EF2ABCA}.Release|Any CPU.ActiveCfg = Release|Any CPU
		{B6D468F6-F235-4825-9209-9FDA0EF2ABCA}.Release|Any CPU.Build.0 = Release|Any CPU
		{CF0FBB67-B752-42A1-9690-21A3E51DE74F}.Debug|Any CPU.ActiveCfg = Debug|Any CPU
		{CF0FBB67-B752-42A1-9690-21A3E51DE74F}.Debug|Any CPU.Build.0 = Debug|Any CPU
		{CF0FBB67-B752-42A1-9690-21A3E51DE74F}.Release|Any CPU.ActiveCfg = Release|Any CPU
		{CF0FBB67-B752-42A1-9690-21A3E51DE74F}.Release|Any CPU.Build.0 = Release|Any CPU
		{1A9E1438-9B3E-43C1-B21E-442CE139744C}.Debug|Any CPU.ActiveCfg = Debug|Any CPU
		{1A9E1438-9B3E-43C1-B21E-442CE139744C}.Debug|Any CPU.Build.0 = Debug|Any CPU
		{1A9E1438-9B3E-43C1-B21E-442CE139744C}.Release|Any CPU.ActiveCfg = Release|Any CPU
		{1A9E1438-9B3E-43C1-B21E-442CE139744C}.Release|Any CPU.Build.0 = Release|Any CPU
		{285D9D28-13DC-4696-AED9-0ABD3526C9C3}.Debug|Any CPU.ActiveCfg = Debug|Any CPU
		{285D9D28-13DC-4696-AED9-0ABD3526C9C3}.Debug|Any CPU.Build.0 = Debug|Any CPU
		{285D9D28-13DC-4696-AED9-0ABD3526C9C3}.Release|Any CPU.ActiveCfg = Release|Any CPU
		{285D9D28-13DC-4696-AED9-0ABD3526C9C3}.Release|Any CPU.Build.0 = Release|Any CPU
		{FBB968F0-B3E7-4034-AFD8-0CD477CF86B0}.Debug|Any CPU.ActiveCfg = Debug|Any CPU
		{FBB968F0-B3E7-4034-AFD8-0CD477CF86B0}.Debug|Any CPU.Build.0 = Debug|Any CPU
		{FBB968F0-B3E7-4034-AFD8-0CD477CF86B0}.Release|Any CPU.ActiveCfg = Release|Any CPU
		{FBB968F0-B3E7-4034-AFD8-0CD477CF86B0}.Release|Any CPU.Build.0 = Release|Any CPU
		{D423ADBD-239A-4D9C-AAEE-49D890BFEA8B}.Debug|Any CPU.ActiveCfg = Debug|Any CPU
		{D423ADBD-239A-4D9C-AAEE-49D890BFEA8B}.Debug|Any CPU.Build.0 = Debug|Any CPU
		{D423ADBD-239A-4D9C-AAEE-49D890BFEA8B}.Release|Any CPU.ActiveCfg = Release|Any CPU
		{D423ADBD-239A-4D9C-AAEE-49D890BFEA8B}.Release|Any CPU.Build.0 = Release|Any CPU
		{165EE4EA-5934-4A77-8253-D005330304D0}.Debug|Any CPU.ActiveCfg = Debug|Any CPU
		{165EE4EA-5934-4A77-8253-D005330304D0}.Debug|Any CPU.Build.0 = Debug|Any CPU
		{165EE4EA-5934-4A77-8253-D005330304D0}.Release|Any CPU.ActiveCfg = Release|Any CPU
		{165EE4EA-5934-4A77-8253-D005330304D0}.Release|Any CPU.Build.0 = Release|Any CPU
		{5E2830FD-9538-4D42-B8BF-2EFF77C750F1}.Debug|Any CPU.ActiveCfg = Debug|Any CPU
		{5E2830FD-9538-4D42-B8BF-2EFF77C750F1}.Debug|Any CPU.Build.0 = Debug|Any CPU
		{5E2830FD-9538-4D42-B8BF-2EFF77C750F1}.Release|Any CPU.ActiveCfg = Release|Any CPU
		{5E2830FD-9538-4D42-B8BF-2EFF77C750F1}.Release|Any CPU.Build.0 = Release|Any CPU
	EndGlobalSection
	GlobalSection(SolutionProperties) = preSolution
		HideSolutionNode = FALSE
	EndGlobalSection
	GlobalSection(NestedProjects) = preSolution
		{1C364BBD-3A99-4DD9-B4EC-DB009E92CC63} = {6DAF02C7-3C6A-4E1C-900E-5FEE101C2638}
		{E808E265-98E8-4933-8592-9640177BAC4F} = {6DAF02C7-3C6A-4E1C-900E-5FEE101C2638}
		{9557DF97-0A41-4F36-8934-AB9114341DE4} = {1C364BBD-3A99-4DD9-B4EC-DB009E92CC63}
		{1BBDA8A1-D2A4-4AEB-975A-F916861AC403} = {1C364BBD-3A99-4DD9-B4EC-DB009E92CC63}
		{C63509B1-F0F1-4ED8-B520-527948688AB1} = {1C364BBD-3A99-4DD9-B4EC-DB009E92CC63}
		{07153B3E-2D75-4983-B770-8F403D548A39} = {E808E265-98E8-4933-8592-9640177BAC4F}
		{A00E7B4E-084E-4537-9A6A-1265734B1580} = {9557DF97-0A41-4F36-8934-AB9114341DE4}
		{6F4FAA51-8E4C-445A-BC1F-8E0BA9CA0726} = {9557DF97-0A41-4F36-8934-AB9114341DE4}
		{4CB4C6F2-95EE-4C04-8BD7-0CF5BD632763} = {9557DF97-0A41-4F36-8934-AB9114341DE4}
		{AC5AC3E2-09F3-4682-AB40-7A70BC4430C1} = {A20B666A-A1AF-4051-BDD7-A12B042E649D}
		{29DE785B-72E3-41AE-B71B-8E73E19FE2AA} = {1BBDA8A1-D2A4-4AEB-975A-F916861AC403}
		{8EFCCD5E-9CA9-4035-9A42-B511CE3AC3E4} = {C63509B1-F0F1-4ED8-B520-527948688AB1}
		{BD791521-7B7F-418D-87E8-8174CEF49C90} = {C63509B1-F0F1-4ED8-B520-527948688AB1}
		{D83B7D2D-6149-4337-9E07-D978FDF2B3E3} = {8EFCCD5E-9CA9-4035-9A42-B511CE3AC3E4}
		{B6D468F6-F235-4825-9209-9FDA0EF2ABCA} = {8EFCCD5E-9CA9-4035-9A42-B511CE3AC3E4}
		{CF0FBB67-B752-42A1-9690-21A3E51DE74F} = {8EFCCD5E-9CA9-4035-9A42-B511CE3AC3E4}
		{1A9E1438-9B3E-43C1-B21E-442CE139744C} = {8EFCCD5E-9CA9-4035-9A42-B511CE3AC3E4}
		{03A71E0D-50C4-4212-BD7B-76F22185164D} = {8EFCCD5E-9CA9-4035-9A42-B511CE3AC3E4}
		{FBB968F0-B3E7-4034-AFD8-0CD477CF86B0} = {BD791521-7B7F-418D-87E8-8174CEF49C90}
		{165EE4EA-5934-4A77-8253-D005330304D0} = {BD791521-7B7F-418D-87E8-8174CEF49C90}
		{285D9D28-13DC-4696-AED9-0ABD3526C9C3} = {BD791521-7B7F-418D-87E8-8174CEF49C90}
		{5E2830FD-9538-4D42-B8BF-2EFF77C750F1} = {BD791521-7B7F-418D-87E8-8174CEF49C90}
		{D423ADBD-239A-4D9C-AAEE-49D890BFEA8B} = {BD791521-7B7F-418D-87E8-8174CEF49C90}
	EndGlobalSection
EndGlobal
